
Microsoft Visual Studio Solution File, Format Version 12.00
# Visual Studio Version 17
VisualStudioVersion = 17.9.34622.214
MinimumVisualStudioVersion = 10.0.40219.1
Project("{9A19103F-16F7-4668-BE54-9A1E7A4F7556}") = "NanoNexus", "NanoNexus\NanoNexus.csproj", "{DF43A682-4EF1-491F-868B-838A2F0FA88E}"
EndProject
Project("{FAE04EC0-301F-11D3-BF4B-00C04F79EFBC}") = "NanoNexus.Core", "NanoNexus.Core\NanoNexus.Core.csproj", "{BED7E9F6-6A7D-4D82-B8A3-D4772BA4D274}"
EndProject
Project("{FAE04EC0-301F-11D3-BF4B-00C04F79EFBC}") = "NanoNexus.Data", "NanoNexus.Data\NanoNexus.Data.csproj", "{924E6F63-01CA-4D65-A578-07A569B2B939}"
EndProject
Project("{FAE04EC0-301F-11D3-BF4B-00C04F79EFBC}") = "NanoNexus.Business", "NanoNexus.Business\NanoNexus.Business.csproj", "{B29FE912-C8B2-4DA8-82C8-E28E63CE5861}"
EndProject
Global
	GlobalSection(SolutionConfigurationPlatforms) = preSolution
		Debug|Any CPU = Debug|Any CPU
		Release|Any CPU = Release|Any CPU
	EndGlobalSection
	GlobalSection(ProjectConfigurationPlatforms) = postSolution
		{DF43A682-4EF1-491F-868B-838A2F0FA88E}.Debug|Any CPU.ActiveCfg = Debug|Any CPU
		{DF43A682-4EF1-491F-868B-838A2F0FA88E}.Debug|Any CPU.Build.0 = Debug|Any CPU
		{DF43A682-4EF1-491F-868B-838A2F0FA88E}.Release|Any CPU.ActiveCfg = Release|Any CPU
		{DF43A682-4EF1-491F-868B-838A2F0FA88E}.Release|Any CPU.Build.0 = Release|Any CPU
		{BED7E9F6-6A7D-4D82-B8A3-D4772BA4D274}.Debug|Any CPU.ActiveCfg = Debug|Any CPU
		{BED7E9F6-6A7D-4D82-B8A3-D4772BA4D274}.Debug|Any CPU.Build.0 = Debug|Any CPU
		{BED7E9F6-6A7D-4D82-B8A3-D4772BA4D274}.Release|Any CPU.ActiveCfg = Release|Any CPU
		{BED7E9F6-6A7D-4D82-B8A3-D4772BA4D274}.Release|Any CPU.Build.0 = Release|Any CPU
		{924E6F63-01CA-4D65-A578-07A569B2B939}.Debug|Any CPU.ActiveCfg = Debug|Any CPU
		{924E6F63-01CA-4D65-A578-07A569B2B939}.Debug|Any CPU.Build.0 = Debug|Any CPU
		{924E6F63-01CA-4D65-A578-07A569B2B939}.Release|Any CPU.ActiveCfg = Release|Any CPU
		{924E6F63-01CA-4D65-A578-07A569B2B939}.Release|Any CPU.Build.0 = Release|Any CPU
		{B29FE912-C8B2-4DA8-82C8-E28E63CE5861}.Debug|Any CPU.ActiveCfg = Debug|Any CPU
		{B29FE912-C8B2-4DA8-82C8-E28E63CE5861}.Debug|Any CPU.Build.0 = Debug|Any CPU
		{B29FE912-C8B2-4DA8-82C8-E28E63CE5861}.Release|Any CPU.ActiveCfg = Release|Any CPU
		{B29FE912-C8B2-4DA8-82C8-E28E63CE5861}.Release|Any CPU.Build.0 = Release|Any CPU
	EndGlobalSection
	GlobalSection(SolutionProperties) = preSolution
		HideSolutionNode = FALSE
	EndGlobalSection
	GlobalSection(ExtensibilityGlobals) = postSolution
		SolutionGuid = {2AABA808-BF52-4A90-9680-3DB545C66D84}
	EndGlobalSection
EndGlobal
